
Microsoft Visual Studio Solution File, Format Version 12.00
# Visual Studio Version 17
VisualStudioVersion = 17.4.33110.190
MinimumVisualStudioVersion = 10.0.40219.1
Project("{FAE04EC0-301F-11D3-BF4B-00C04F79EFBC}") = "Server.Tests", "Server.Tests\Server.Tests.csproj", "{EF348F7A-07B7-44EF-BB3C-242E1D1D6E71}"
EndProject
Global
	GlobalSection(SolutionConfigurationPlatforms) = preSolution
		Debug|Any CPU = Debug|Any CPU
		Release|Any CPU = Release|Any CPU
	EndGlobalSection
	GlobalSection(ProjectConfigurationPlatforms) = postSolution
		{EF348F7A-07B7-44EF-BB3C-242E1D1D6E71}.Debug|Any CPU.ActiveCfg = Debug|Any CPU
		{EF348F7A-07B7-44EF-BB3C-242E1D1D6E71}.Debug|Any CPU.Build.0 = Debug|Any CPU
		{EF348F7A-07B7-44EF-BB3C-242E1D1D6E71}.Release|Any CPU.ActiveCfg = Release|Any CPU
		{EF348F7A-07B7-44EF-BB3C-242E1D1D6E71}.Release|Any CPU.Build.0 = Release|Any CPU
	EndGlobalSection
	GlobalSection(SolutionProperties) = preSolution
		HideSolutionNode = FALSE
	EndGlobalSection
	GlobalSection(ExtensibilityGlobals) = postSolution
		SolutionGuid = {2FC37918-7F3B-474B-AAB4-C03B72623679}
	EndGlobalSection
EndGlobal
